{
  "name": "geek",
  "version": "1.2.15",
  "lockfileVersion": 3,
  "requires": true,
  "packages": {
    "": {
      "name": "geek",
      "version": "1.2.15",
      "dependencies": {
        "@wppconnect/wa-js": "^4.3.0",
        "electron-updater": "^6.8.9"
      },
      "devDependencies": {
        "electron": "^43.4.0",
        "electron-builder": "^26.15.3"
      }
    },
    "node_modules/@electron-internal/extract-zip": {
      "version": "1.0.5",
      "resolved": "https://registry.npmjs.org/@electron-internal/extract-zip/-/extract-zip-1.0.5.tgz",
      "integrity": "sha512-+bqFCP98pLI0Tt0XQo1TmlXtwjWchISndDOxCkEcIuUgXWpBnLyRI+2DU+mesvnMMX6L1XDqYNA0lXNDHd/yiA==",
      "dev": true,
      "license": "BSD-2-Clause",
      "engines": {"node": ">=22.12.0"}
    }
  }
}
